<Solution>
  <Project Path="MiniEcommerce.Application/MiniEcommerce.Application.csproj" />
  <Project Path="MiniEcommerce.Domain/MiniEcommerce.BusinessLogicLayer.csproj" />
  <Project Path="MiniEcommerce.Infrastructure/MiniEcommerce.DataAccessLayer.csproj" />
  <Project Path="MiniEcommerce/MiniEcommerce.csproj" />
</Solution>
